
Microsoft Visual Studio Solution File, Format Version 12.00
# Visual Studio Version 17
VisualStudioVersion = 17.3.32929.385
MinimumVisualStudioVersion = 10.0.40219.1
Project("{FAE04EC0-301F-11D3-BF4B-00C04F79EFBC}") = "Aplicatie_Cont_Bancar", "Aplicatie_Cont_Bancar\Aplicatie_Cont_Bancar.csproj", "{546565BE-D237-4A67-91C9-83283E3AF166}"
EndProject
Global
	GlobalSection(SolutionConfigurationPlatforms) = preSolution
		Debug|Any CPU = Debug|Any CPU
		Release|Any CPU = Release|Any CPU
	EndGlobalSection
	GlobalSection(ProjectConfigurationPlatforms) = postSolution
		{546565BE-D237-4A67-91C9-83283E3AF166}.Debug|Any CPU.ActiveCfg = Debug|Any CPU
		{546565BE-D237-4A67-91C9-83283E3AF166}.Debug|Any CPU.Build.0 = Debug|Any CPU
		{546565BE-D237-4A67-91C9-83283E3AF166}.Release|Any CPU.ActiveCfg = Release|Any CPU
		{546565BE-D237-4A67-91C9-83283E3AF166}.Release|Any CPU.Build.0 = Release|Any CPU
	EndGlobalSection
	GlobalSection(SolutionProperties) = preSolution
		HideSolutionNode = FALSE
	EndGlobalSection
	GlobalSection(ExtensibilityGlobals) = postSolution
		SolutionGuid = {AEF08E7F-30AB-4293-8511-DDC90F2DCCC1}
	EndGlobalSection
EndGlobal
